
Microsoft Visual Studio Solution File, Format Version 12.00
# Visual Studio 2013
VisualStudioVersion = 12.0.30219.0
MinimumVisualStudioVersion = 10.0.40219.1
Project("{FAE04EC0-301F-11D3-BF4B-00C04F79EFBC}") = "TipCalculator.Core", "TipCalculator.Core\TipCalculator.Core.csproj", "{2F85C274-236F-4A16-8094-EEA5E8896951}"
EndProject
Project("{FAE04EC0-301F-11D3-BF4B-00C04F79EFBC}") = "TipCalculator.Droid", "TipCalculator.Droid\TipCalculator.Droid.csproj", "{218C626D-6752-4D19-A95E-81B4D3F6B095}"
EndProject
Project("{FAE04EC0-301F-11D3-BF4B-00C04F79EFBC}") = "TipCalculator.iOS", "TipCalculator.iOS\TipCalculator.iOS.csproj", "{F11A5E40-0783-4F55-997F-E238C63F6BDE}"
EndProject
Global
	GlobalSection(SolutionConfigurationPlatforms) = preSolution
		Ad-Hoc|Any CPU = Ad-Hoc|Any CPU
		Ad-Hoc|iPhone = Ad-Hoc|iPhone
		Ad-Hoc|iPhoneSimulator = Ad-Hoc|iPhoneSimulator
		Ad-Hoc|Mixed Platforms = Ad-Hoc|Mixed Platforms
		AppStore|Any CPU = AppStore|Any CPU
		AppStore|iPhone = AppStore|iPhone
		AppStore|iPhoneSimulator = AppStore|iPhoneSimulator
		AppStore|Mixed Platforms = AppStore|Mixed Platforms
		Debug|Any CPU = Debug|Any CPU
		Debug|iPhone = Debug|iPhone
		Debug|iPhoneSimulator = Debug|iPhoneSimulator
		Debug|Mixed Platforms = Debug|Mixed Platforms
		Release|Any CPU = Release|Any CPU
		Release|iPhone = Release|iPhone
		Release|iPhoneSimulator = Release|iPhoneSimulator
		Release|Mixed Platforms = Release|Mixed Platforms
	EndGlobalSection
	GlobalSection(ProjectConfigurationPlatforms) = postSolution
		{2F85C274-236F-4A16-8094-EEA5E8896951}.Ad-Hoc|Any CPU.ActiveCfg = Release|Any CPU
		{2F85C274-236F-4A16-8094-EEA5E8896951}.Ad-Hoc|Any CPU.Build.0 = Release|Any CPU
		{2F85C274-236F-4A16-8094-EEA5E8896951}.Ad-Hoc|iPhone.ActiveCfg = Release|Any CPU
		{2F85C274-236F-4A16-8094-EEA5E8896951}.Ad-Hoc|iPhoneSimulator.ActiveCfg = Release|Any CPU
		{2F85C274-236F-4A16-8094-EEA5E8896951}.Ad-Hoc|Mixed Platforms.ActiveCfg = Release|Any CPU
		{2F85C274-236F-4A16-8094-EEA5E8896951}.Ad-Hoc|Mixed Platforms.Build.0 = Release|Any CPU
		{2F85C274-236F-4A16-8094-EEA5E8896951}.AppStore|Any CPU.ActiveCfg = Release|Any CPU
		{2F85C274-236F-4A16-8094-EEA5E8896951}.AppStore|Any CPU.Build.0 = Release|Any CPU
		{2F85C274-236F-4A16-8094-EEA5E8896951}.AppStore|iPhone.ActiveCfg = Release|Any CPU
		{2F85C274-236F-4A16-8094-EEA5E8896951}.AppStore|iPhoneSimulator.ActiveCfg = Release|Any CPU
		{2F85C274-236F-4A16-8094-EEA5E8896951}.AppStore|Mixed Platforms.ActiveCfg = Release|Any CPU
		{2F85C274-236F-4A16-8094-EEA5E8896951}.AppStore|Mixed Platforms.Build.0 = Release|Any CPU
		{2F85C274-236F-4A16-8094-EEA5E8896951}.Debug|Any CPU.ActiveCfg = Debug|Any CPU
		{2F85C274-236F-4A16-8094-EEA5E8896951}.Debug|Any CPU.Build.0 = Debug|Any CPU
		{2F85C274-236F-4A16-8094-EEA5E8896951}.Debug|iPhone.ActiveCfg = Debug|Any CPU
		{2F85C274-236F-4A16-8094-EEA5E8896951}.Debug|iPhoneSimulator.ActiveCfg = Debug|Any CPU
		{2F85C274-236F-4A16-8094-EEA5E8896951}.Debug|Mixed Platforms.ActiveCfg = Debug|Any CPU
		{2F85C274-236F-4A16-8094-EEA5E8896951}.Debug|Mixed Platforms.Build.0 = Debug|Any CPU
		{2F85C274-236F-4A16-8094-EEA5E8896951}.Release|Any CPU.ActiveCfg = Release|Any CPU
		{2F85C274-236F-4A16-8094-EEA5E8896951}.Release|Any CPU.Build.0 = Release|Any CPU
		{2F85C274-236F-4A16-8094-EEA5E8896951}.Release|iPhone.ActiveCfg = Release|Any CPU
		{2F85C274-236F-4A16-8094-EEA5E8896951}.Release|iPhoneSimulator.ActiveCfg = Release|Any CPU
		{2F85C274-236F-4A16-8094-EEA5E8896951}.Release|Mixed Platforms.ActiveCfg = Release|Any CPU
		{2F85C274-236F-4A16-8094-EEA5E8896951}.Release|Mixed Platforms.Build.0 = Release|Any CPU
		{218C626D-6752-4D19-A95E-81B4D3F6B095}.Ad-Hoc|Any CPU.ActiveCfg = Release|Any CPU
		{218C626D-6752-4D19-A95E-81B4D3F6B095}.Ad-Hoc|Any CPU.Build.0 = Release|Any CPU
		{218C626D-6752-4D19-A95E-81B4D3F6B095}.Ad-Hoc|Any CPU.Deploy.0 = Release|Any CPU
		{218C626D-6752-4D19-A95E-81B4D3F6B095}.Ad-Hoc|iPhone.ActiveCfg = Release|Any CPU
		{218C626D-6752-4D19-A95E-81B4D3F6B095}.Ad-Hoc|iPhoneSimulator.ActiveCfg = Release|Any CPU
		{218C626D-6752-4D19-A95E-81B4D3F6B095}.Ad-Hoc|Mixed Platforms.ActiveCfg = Release|Any CPU
		{218C626D-6752-4D19-A95E-81B4D3F6B095}.Ad-Hoc|Mixed Platforms.Build.0 = Release|Any CPU
		{218C626D-6752-4D19-A95E-81B4D3F6B095}.Ad-Hoc|Mixed Platforms.Deploy.0 = Release|Any CPU
		{218C626D-6752-4D19-A95E-81B4D3F6B095}.AppStore|Any CPU.ActiveCfg = Release|Any CPU
		{218C626D-6752-4D19-A95E-81B4D3F6B095}.AppStore|Any CPU.Build.0 = Release|Any CPU
		{218C626D-6752-4D19-A95E-81B4D3F6B095}.AppStore|Any CPU.Deploy.0 = Release|Any CPU
		{218C626D-6752-4D19-A95E-81B4D3F6B095}.AppStore|iPhone.ActiveCfg = Release|Any CPU
		{218C626D-6752-4D19-A95E-81B4D3F6B095}.AppStore|iPhoneSimulator.ActiveCfg = Release|Any CPU
		{218C626D-6752-4D19-A95E-81B4D3F6B095}.AppStore|Mixed Platforms.ActiveCfg = Release|Any CPU
		{218C626D-6752-4D19-A95E-81B4D3F6B095}.AppStore|Mixed Platforms.Build.0 = Release|Any CPU
		{218C626D-6752-4D19-A95E-81B4D3F6B095}.AppStore|Mixed Platforms.Deploy.0 = Release|Any CPU
		{218C626D-6752-4D19-A95E-81B4D3F6B095}.Debug|Any CPU.ActiveCfg = Debug|Any CPU
		{218C626D-6752-4D19-A95E-81B4D3F6B095}.Debug|Any CPU.Build.0 = Debug|Any CPU
		{218C626D-6752-4D19-A95E-81B4D3F6B095}.Debug|Any CPU.Deploy.0 = Debug|Any CPU
		{218C626D-6752-4D19-A95E-81B4D3F6B095}.Debug|iPhone.ActiveCfg = Debug|Any CPU
		{218C626D-6752-4D19-A95E-81B4D3F6B095}.Debug|iPhoneSimulator.ActiveCfg = Debug|Any CPU
		{218C626D-6752-4D19-A95E-81B4D3F6B095}.Debug|Mixed Platforms.ActiveCfg = Debug|Any CPU
		{218C626D-6752-4D19-A95E-81B4D3F6B095}.Debug|Mixed Platforms.Build.0 = Debug|Any CPU
		{218C626D-6752-4D19-A95E-81B4D3F6B095}.Debug|Mixed Platforms.Deploy.0 = Debug|Any CPU
		{218C626D-6752-4D19-A95E-81B4D3F6B095}.Release|Any CPU.ActiveCfg = Release|Any CPU
		{218C626D-6752-4D19-A95E-81B4D3F6B095}.Release|Any CPU.Build.0 = Release|Any CPU
		{218C626D-6752-4D19-A95E-81B4D3F6B095}.Release|Any CPU.Deploy.0 = Release|Any CPU
		{218C626D-6752-4D19-A95E-81B4D3F6B095}.Release|iPhone.ActiveCfg = Release|Any CPU
		{218C626D-6752-4D19-A95E-81B4D3F6B095}.Release|iPhoneSimulator.ActiveCfg = Release|Any CPU
		{218C626D-6752-4D19-A95E-81B4D3F6B095}.Release|Mixed Platforms.ActiveCfg = Release|Any CPU
		{218C626D-6752-4D19-A95E-81B4D3F6B095}.Release|Mixed Platforms.Build.0 = Release|Any CPU
		{218C626D-6752-4D19-A95E-81B4D3F6B095}.Release|Mixed Platforms.Deploy.0 = Release|Any CPU
		{F11A5E40-0783-4F55-997F-E238C63F6BDE}.Ad-Hoc|Any CPU.ActiveCfg = Ad-Hoc|iPhone
		{F11A5E40-0783-4F55-997F-E238C63F6BDE}.Ad-Hoc|iPhone.ActiveCfg = Ad-Hoc|iPhone
		{F11A5E40-0783-4F55-997F-E238C63F6BDE}.Ad-Hoc|iPhone.Build.0 = Ad-Hoc|iPhone
		{F11A5E40-0783-4F55-997F-E238C63F6BDE}.Ad-Hoc|iPhone.Deploy.0 = Ad-Hoc|iPhone
		{F11A5E40-0783-4F55-997F-E238C63F6BDE}.Ad-Hoc|iPhoneSimulator.ActiveCfg = Ad-Hoc|iPhoneSimulator
		{F11A5E40-0783-4F55-997F-E238C63F6BDE}.Ad-Hoc|iPhoneSimulator.Build.0 = Ad-Hoc|iPhoneSimulator
		{F11A5E40-0783-4F55-997F-E238C63F6BDE}.Ad-Hoc|iPhoneSimulator.Deploy.0 = Ad-Hoc|iPhoneSimulator
		{F11A5E40-0783-4F55-997F-E238C63F6BDE}.Ad-Hoc|Mixed Platforms.ActiveCfg = Ad-Hoc|iPhone
		{F11A5E40-0783-4F55-997F-E238C63F6BDE}.Ad-Hoc|Mixed Platforms.Build.0 = Ad-Hoc|iPhone
		{F11A5E40-0783-4F55-997F-E238C63F6BDE}.Ad-Hoc|Mixed Platforms.Deploy.0 = Ad-Hoc|iPhone
		{F11A5E40-0783-4F55-997F-E238C63F6BDE}.AppStore|Any CPU.ActiveCfg = AppStore|iPhone
		{F11A5E40-0783-4F55-997F-E238C63F6BDE}.AppStore|iPhone.ActiveCfg = AppStore|iPhone
		{F11A5E40-0783-4F55-997F-E238C63F6BDE}.AppStore|iPhone.Build.0 = AppStore|iPhone
		{F11A5E40-0783-4F55-997F-E238C63F6BDE}.AppStore|iPhone.Deploy.0 = AppStore|iPhone
		{F11A5E40-0783-4F55-997F-E238C63F6BDE}.AppStore|iPhoneSimulator.ActiveCfg = AppStore|iPhoneSimulator
		{F11A5E40-0783-4F55-997F-E238C63F6BDE}.AppStore|iPhoneSimulator.Build.0 = AppStore|iPhoneSimulator
		{F11A5E40-0783-4F55-997F-E238C63F6BDE}.AppStore|iPhoneSimulator.Deploy.0 = AppStore|iPhoneSimulator
		{F11A5E40-0783-4F55-997F-E238C63F6BDE}.AppStore|Mixed Platforms.ActiveCfg = AppStore|iPhone
		{F11A5E40-0783-4F55-997F-E238C63F6BDE}.AppStore|Mixed Platforms.Build.0 = AppStore|iPhone
		{F11A5E40-0783-4F55-997F-E238C63F6BDE}.AppStore|Mixed Platforms.Deploy.0 = AppStore|iPhone
		{F11A5E40-0783-4F55-997F-E238C63F6BDE}.Debug|Any CPU.ActiveCfg = Debug|iPhone
		{F11A5E40-0783-4F55-997F-E238C63F6BDE}.Debug|iPhone.ActiveCfg = Debug|iPhone
		{F11A5E40-0783-4F55-997F-E238C63F6BDE}.Debug|iPhone.Build.0 = Debug|iPhone
		{F11A5E40-0783-4F55-997F-E238C63F6BDE}.Debug|iPhone.Deploy.0 = Debug|iPhone
		{F11A5E40-0783-4F55-997F-E238C63F6BDE}.Debug|iPhoneSimulator.ActiveCfg = Debug|iPhoneSimulator
		{F11A5E40-0783-4F55-997F-E238C63F6BDE}.Debug|iPhoneSimulator.Build.0 = Debug|iPhoneSimulator
		{F11A5E40-0783-4F55-997F-E238C63F6BDE}.Debug|iPhoneSimulator.Deploy.0 = Debug|iPhoneSimulator
		{F11A5E40-0783-4F55-997F-E238C63F6BDE}.Debug|Mixed Platforms.ActiveCfg = Debug|iPhone
		{F11A5E40-0783-4F55-997F-E238C63F6BDE}.Debug|Mixed Platforms.Build.0 = Debug|iPhone
		{F11A5E40-0783-4F55-997F-E238C63F6BDE}.Debug|Mixed Platforms.Deploy.0 = Debug|iPhone
		{F11A5E40-0783-4F55-997F-E238C63F6BDE}.Release|Any CPU.ActiveCfg = Release|iPhone
		{F11A5E40-0783-4F55-997F-E238C63F6BDE}.Release|iPhone.ActiveCfg = Release|iPhone
		{F11A5E40-0783-4F55-997F-E238C63F6BDE}.Release|iPhone.Build.0 = Release|iPhone
		{F11A5E40-0783-4F55-997F-E238C63F6BDE}.Release|iPhone.Deploy.0 = Release|iPhone
		{F11A5E40-0783-4F55-997F-E238C63F6BDE}.Release|iPhoneSimulator.ActiveCfg = Release|iPhoneSimulator
		{F11A5E40-0783-4F55-997F-E238C63F6BDE}.Release|iPhoneSimulator.Build.0 = Release|iPhoneSimulator
		{F11A5E40-0783-4F55-997F-E238C63F6BDE}.Release|iPhoneSimulator.Deploy.0 = Release|iPhoneSimulator
		{F11A5E40-0783-4F55-997F-E238C63F6BDE}.Release|Mixed Platforms.ActiveCfg = Release|iPhone
		{F11A5E40-0783-4F55-997F-E238C63F6BDE}.Release|Mixed Platforms.Build.0 = Release|iPhone
		{F11A5E40-0783-4F55-997F-E238C63F6BDE}.Release|Mixed Platforms.Deploy.0 = Release|iPhone
	EndGlobalSection
	GlobalSection(SolutionProperties) = preSolution
		HideSolutionNode = FALSE
	EndGlobalSection
EndGlobal
